// !$*UTF8*$!
{
	archiveVersion = 1;
	classes = {
	};
	objectVersion = 56;
	objects = {

/* Begin PBXBuildFile section */
		DA53FA7929BEA0A500C2DD8D /* Theme.swift in Sources */ = {isa = PBXBuildFile; fileRef = DA53FA7829BEA0A500C2DD8D /* Theme.swift */; };
		DA5D4DA329BE842500FE7C40 /* ThemeStore.swift in Sources */ = {isa = PBXBuildFile; fileRef = DA5D4DA229BE842500FE7C40 /* ThemeStore.swift */; };
		DA5D4DA529BE878400FE7C40 /* UtilityExtensions.swift in Sources */ = {isa = PBXBuildFile; fileRef = DA5D4DA429BE878400FE7C40 /* UtilityExtensions.swift */; };
		DA70DCB129BEA6D200E0EE8D /* ThemeChooser.swift in Sources */ = {isa = PBXBuildFile; fileRef = DA70DCB029BEA6D200E0EE8D /* ThemeChooser.swift */; };
		DA70DCB329BF6B3200E0EE8D /* ThemeEditor.swift in Sources */ = {isa = PBXBuildFile; fileRef = DA70DCB229BF6B3200E0EE8D /* ThemeEditor.swift */; };
		DA8DD7792961FB5800E48C29 /* MemoryGame.swift in Sources */ = {isa = PBXBuildFile; fileRef = DA8DD7782961FB5800E48C29 /* MemoryGame.swift */; };
		DA8DD77D2961FCFE00E48C29 /* EmojiMemoryGame.swift in Sources */ = {isa = PBXBuildFile; fileRef = DA8DD77C2961FCFE00E48C29 /* EmojiMemoryGame.swift */; };
		DA9DBC60296E5E90007F39F3 /* AspectVGrid.swift in Sources */ = {isa = PBXBuildFile; fileRef = DA9DBC5F296E5E90007F39F3 /* AspectVGrid.swift */; };
		DA9DBC62296F0178007F39F3 /* Pie.swift in Sources */ = {isa = PBXBuildFile; fileRef = DA9DBC61296F0178007F39F3 /* Pie.swift */; };
		DA9DBC8829751CC6007F39F3 /* Cardify.swift in Sources */ = {isa = PBXBuildFile; fileRef = DA9DBC8729751CC6007F39F3 /* Cardify.swift */; };
		DAD2D9792940FBA300E11578 /* MemorizeApp.swift in Sources */ = {isa = PBXBuildFile; fileRef = DAD2D9782940FBA300E11578 /* MemorizeApp.swift */; };
		DAD2D97B2940FBA300E11578 /* EmojiMemoryGameView.swift in Sources */ = {isa = PBXBuildFile; fileRef = DAD2D97A2940FBA300E11578 /* EmojiMemoryGameView.swift */; };
		DAD2D97D2940FBA600E11578 /* Assets.xcassets in Resources */ = {isa = PBXBuildFile; fileRef = DAD2D97C2940FBA600E11578 /* Assets.xcassets */; };
		DAD2D9802940FBA600E11578 /* Preview Assets.xcassets in Resources */ = {isa = PBXBuildFile; fileRef = DAD2D97F2940FBA600E11578 /* Preview Assets.xcassets */; };
/* End PBXBuildFile section */

/* Begin PBXFileReference section */
		DA53FA7829BEA0A500C2DD8D /* Theme.swift */ = {isa = PBXFileReference; fileEncoding = 4; lastKnownFileType = sourcecode.swift; path = Theme.swift; sourceTree = "<group>"; };
		DA5D4DA229BE842500FE7C40 /* ThemeStore.swift */ = {isa = PBXFileReference; lastKnownFileType = sourcecode.swift; path = ThemeStore.swift; sourceTree = "<group>"; };
		DA5D4DA429BE878400FE7C40 /* UtilityExtensions.swift */ = {isa = PBXFileReference; lastKnownFileType = sourcecode.swift; path = UtilityExtensions.swift; sourceTree = "<group>"; };
		DA70DCB029BEA6D200E0EE8D /* ThemeChooser.swift */ = {isa = PBXFileReference; lastKnownFileType = sourcecode.swift; path = ThemeChooser.swift; sourceTree = "<group>"; };
		DA70DCB229BF6B3200E0EE8D /* ThemeEditor.swift */ = {isa = PBXFileReference; lastKnownFileType = sourcecode.swift; path = ThemeEditor.swift; sourceTree = "<group>"; };
		DA8DD7782961FB5800E48C29 /* MemoryGame.swift */ = {isa = PBXFileReference; lastKnownFileType = sourcecode.swift; path = MemoryGame.swift; sourceTree = "<group>"; };
		DA8DD77C2961FCFE00E48C29 /* EmojiMemoryGame.swift */ = {isa = PBXFileReference; lastKnownFileType = sourcecode.swift; path = EmojiMemoryGame.swift; sourceTree = "<group>"; };
		DA9DBC5F296E5E90007F39F3 /* AspectVGrid.swift */ = {isa = PBXFileReference; lastKnownFileType = sourcecode.swift; path = AspectVGrid.swift; sourceTree = "<group>"; };
		DA9DBC61296F0178007F39F3 /* Pie.swift */ = {isa = PBXFileReference; lastKnownFileType = sourcecode.swift; path = Pie.swift; sourceTree = "<group>"; };
		DA9DBC8729751CC6007F39F3 /* Cardify.swift */ = {isa = PBXFileReference; lastKnownFileType = sourcecode.swift; path = Cardify.swift; sourceTree = "<group>"; };
		DAD2D9752940FBA300E11578 /* Memorize.app */ = {isa = PBXFileReference; explicitFileType = wrapper.application; includeInIndex = 0; path = Memorize.app; sourceTree = BUILT_PRODUCTS_DIR; };
		DAD2D9782940FBA300E11578 /* MemorizeApp.swift */ = {isa = PBXFileReference; lastKnownFileType = sourcecode.swift; path = MemorizeApp.swift; sourceTree = "<group>"; };
		DAD2D97A2940FBA300E11578 /* EmojiMemoryGameView.swift */ = {isa = PBXFileReference; lastKnownFileType = sourcecode.swift; path = EmojiMemoryGameView.swift; sourceTree = "<group>"; };
		DAD2D97C2940FBA600E11578 /* Assets.xcassets */ = {isa = PBXFileReference; lastKnownFileType = folder.assetcatalog; path = Assets.xcassets; sourceTree = "<group>"; };
		DAD2D97F2940FBA600E11578 /* Preview Assets.xcassets */ = {isa = PBXFileReference; lastKnownFileType = folder.assetcatalog; path = "Preview Assets.xcassets"; sourceTree = "<group>"; };
/* End PBXFileReference section */

/* Begin PBXFrameworksBuildPhase section */
		DAD2D9722940FBA300E11578 /* Frameworks */ = {
			isa = PBXFrameworksBuildPhase;
			buildActionMask = 2147483647;
			files = (
			);
			runOnlyForDeploymentPostprocessing = 0;
		};
/* End PBXFrameworksBuildPhase section */

/* Begin PBXGroup section */
		DAD2D96C2940FBA300E11578 = {
			isa = PBXGroup;
			children = (
				DAD2D9772940FBA300E11578 /* Memorize */,
				DAD2D9762940FBA300E11578 /* Products */,
			);
			sourceTree = "<group>";
		};
		DAD2D9762940FBA300E11578 /* Products */ = {
			isa = PBXGroup;
			children = (
				DAD2D9752940FBA300E11578 /* Memorize.app */,
			);
			name = Products;
			sourceTree = "<group>";
		};
		DAD2D9772940FBA300E11578 /* Memorize */ = {
			isa = PBXGroup;
			children = (
				DA8DD7782961FB5800E48C29 /* MemoryGame.swift */,
				DA53FA7829BEA0A500C2DD8D /* Theme.swift */,
				DA5D4DA229BE842500FE7C40 /* ThemeStore.swift */,
				DA70DCB029BEA6D200E0EE8D /* ThemeChooser.swift */,
				DA70DCB229BF6B3200E0EE8D /* ThemeEditor.swift */,
				DA5D4DA429BE878400FE7C40 /* UtilityExtensions.swift */,
				DA8DD77C2961FCFE00E48C29 /* EmojiMemoryGame.swift */,
				DAD2D9782940FBA300E11578 /* MemorizeApp.swift */,
				DAD2D97A2940FBA300E11578 /* EmojiMemoryGameView.swift */,
				DA9DBC61296F0178007F39F3 /* Pie.swift */,
				DA9DBC5F296E5E90007F39F3 /* AspectVGrid.swift */,
				DA9DBC8729751CC6007F39F3 /* Cardify.swift */,
				DAD2D97C2940FBA600E11578 /* Assets.xcassets */,
				DAD2D97E2940FBA600E11578 /* Preview Content */,
			);
			path = Memorize;
			sourceTree = "<group>";
		};
		DAD2D97E2940FBA600E11578 /* Preview Content */ = {
			isa = PBXGroup;
			children = (
				DAD2D97F2940FBA600E11578 /* Preview Assets.xcassets */,
			);
			path = "Preview Content";
			sourceTree = "<group>";
		};
/* End PBXGroup section */

/* Begin PBXNativeTarget section */
		DAD2D9742940FBA300E11578 /* Memorize */ = {
			isa = PBXNativeTarget;
			buildConfigurationList = DAD2D9832940FBA600E11578 /* Build configuration list for PBXNativeTarget "Memorize" */;
			buildPhases = (
				DAD2D9712940FBA300E11578 /* Sources */,
				DAD2D9722940FBA300E11578 /* Frameworks */,
				DAD2D9732940FBA300E11578 /* Resources */,
			);
			buildRules = (
			);
			dependencies = (
			);
			name = Memorize;
			productName = Memorize;
			productReference = DAD2D9752940FBA300E11578 /* Memorize.app */;
			productType = "com.apple.product-type.application";
		};
/* End PBXNativeTarget section */

/* Begin PBXProject section */
		DAD2D96D2940FBA300E11578 /* Project object */ = {
			isa = PBXProject;
			attributes = {
				BuildIndependentTargetsInParallel = 1;
				LastSwiftUpdateCheck = 1410;
				LastUpgradeCheck = 1410;
				TargetAttributes = {
					DAD2D9742940FBA300E11578 = {
						CreatedOnToolsVersion = 14.1;
					};
				};
			};
			buildConfigurationList = DAD2D9702940FBA300E11578 /* Build configuration list for PBXProject "Memorize" */;
			compatibilityVersion = "Xcode 14.0";
			developmentRegion = en;
			hasScannedForEncodings = 0;
			knownRegions = (
				en,
				Base,
			);
			mainGroup = DAD2D96C2940FBA300E11578;
			productRefGroup = DAD2D9762940FBA300E11578 /* Products */;
			projectDirPath = "";
			projectRoot = "";
			targets = (
				DAD2D9742940FBA300E11578 /* Memorize */,
			);
		};
/* End PBXProject section */

/* Begin PBXResourcesBuildPhase section */
		DAD2D9732940FBA300E11578 /* Resources */ = {
			isa = PBXResourcesBuildPhase;
			buildActionMask = 2147483647;
			files = (
				DAD2D9802940FBA600E11578 /* Preview Assets.xcassets in Resources */,
				DAD2D97D2940FBA600E11578 /* Assets.xcassets in Resources */,
			);
			runOnlyForDeploymentPostprocessing = 0;
		};
/* End PBXResourcesBuildPhase section */

/* Begin PBXSourcesBuildPhase section */
		DAD2D9712940FBA300E11578 /* Sources */ = {
			isa = PBXSourcesBuildPhase;
			buildActionMask = 2147483647;
			files = (
				DA8DD7792961FB5800E48C29 /* MemoryGame.swift in Sources */,
				DA70DCB129BEA6D200E0EE8D /* ThemeChooser.swift in Sources */,
				DAD2D97B2940FBA300E11578 /* EmojiMemoryGameView.swift in Sources */,
				DA5D4DA529BE878400FE7C40 /* UtilityExtensions.swift in Sources */,
				DA9DBC8829751CC6007F39F3 /* Cardify.swift in Sources */,
				DA9DBC60296E5E90007F39F3 /* AspectVGrid.swift in Sources */,
				DA9DBC62296F0178007F39F3 /* Pie.swift in Sources */,
				DAD2D9792940FBA300E11578 /* MemorizeApp.swift in Sources */,
				DA53FA7929BEA0A500C2DD8D /* Theme.swift in Sources */,
				DA5D4DA329BE842500FE7C40 /* ThemeStore.swift in Sources */,
				DA70DCB329BF6B3200E0EE8D /* ThemeEditor.swift in Sources */,
				DA8DD77D2961FCFE00E48C29 /* EmojiMemoryGame.swift in Sources */,
			);
			runOnlyForDeploymentPostprocessing = 0;
		};
/* End PBXSourcesBuildPhase section */

/* Begin XCBuildConfiguration section */
		DAD2D9812940FBA600E11578 /* Debug */ = {
			isa = XCBuildConfiguration;
			buildSettings = {
				ALWAYS_SEARCH_USER_PATHS = NO;
				CLANG_ANALYZER_NONNULL = YES;
				CLANG_ANALYZER_NUMBER_OBJECT_CONVERSION = YES_AGGRESSIVE;
				CLANG_CXX_LANGUAGE_STANDARD = "gnu++20";
				CLANG_ENABLE_MODULES = YES;
				CLANG_ENABLE_OBJC_ARC = YES;
				CLANG_ENABLE_OBJC_WEAK = YES;
				CLANG_WARN_BLOCK_CAPTURE_AUTORELEASING = YES;
				CLANG_WARN_BOOL_CONVERSION = YES;
				CLANG_WARN_COMMA = YES;
				CLANG_WARN_CONSTANT_CONVERSION = YES;
				CLANG_WARN_DEPRECATED_OBJC_IMPLEMENTATIONS = YES;
				CLANG_WARN_DIRECT_OBJC_ISA_USAGE = YES_ERROR;
				CLANG_WARN_DOCUMENTATION_COMMENTS = YES;
				CLANG_WARN_EMPTY_BODY = YES;
				CLANG_WARN_ENUM_CONVERSION = YES;
				CLANG_WARN_INFINITE_RECURSION = YES;
				CLANG_WARN_INT_CONVERSION = YES;
				CLANG_WARN_NON_LITERAL_NULL_CONVERSION = YES;
				CLANG_WARN_OBJC_IMPLICIT_RETAIN_SELF = YES;
				CLANG_WARN_OBJC_LITERAL_CONVERSION = YES;
				CLANG_WARN_OBJC_ROOT_CLASS = YES_ERROR;
				CLANG_WARN_QUOTED_INCLUDE_IN_FRAMEWORK_HEADER = YES;
				CLANG_WARN_RANGE_LOOP_ANALYSIS = YES;
				CLANG_WARN_STRICT_PROTOTYPES = YES;
				CLANG_WARN_SUSPICIOUS_MOVE = YES;
				CLANG_WARN_UNGUARDED_AVAILABILITY = YES_AGGRESSIVE;
				CLANG_WARN_UNREACHABLE_CODE = YES;
				CLANG_WARN__DUPLICATE_METHOD_MATCH = YES;
				COPY_PHASE_STRIP = NO;
				DEBUG_INFORMATION_FORMAT = dwarf;
				ENABLE_STRICT_OBJC_MSGSEND = YES;
				ENABLE_TESTABILITY = YES;
				GCC_C_LANGUAGE_STANDARD = gnu11;
				GCC_DYNAMIC_NO_PIC = NO;
				GCC_NO_COMMON_BLOCKS = YES;
				GCC_OPTIMIZATION_LEVEL = 0;
				GCC_PREPROCESSOR_DEFINITIONS = (
					"DEBUG=1",
					"$(inherited)",
				);
				GCC_WARN_64_TO_32_BIT_CONVERSION = YES;
				GCC_WARN_ABOUT_RETURN_TYPE = YES_ERROR;
				GCC_WARN_UNDECLARED_SELECTOR = YES;
				GCC_WARN_UNINITIALIZED_AUTOS = YES_AGGRESSIVE;
				GCC_WARN_UNUSED_FUNCTION = YES;
				GCC_WARN_UNUSED_VARIABLE = YES;
				IPHONEOS_DEPLOYMENT_TARGET = 16.1;
				MTL_ENABLE_DEBUG_INFO = INCLUDE_SOURCE;
				MTL_FAST_MATH = YES;
				ONLY_ACTIVE_ARCH = YES;
				SDKROOT = iphoneos;
				SWIFT_ACTIVE_COMPILATION_CONDITIONS = DEBUG;
				SWIFT_OPTIMIZATION_LEVEL = "-Onone";
			};
			name = Debug;
		};
		DAD2D9822940FBA600E11578 /* Release */ = {
			isa = XCBuildConfiguration;
			buildSettings = {
				ALWAYS_SEARCH_USER_PATHS = NO;
				CLANG_ANALYZER_NONNULL = YES;
				CLANG_ANALYZER_NUMBER_OBJECT_CONVERSION = YES_AGGRESSIVE;
				CLANG_CXX_LANGUAGE_STANDARD = "gnu++20";
				CLANG_ENABLE_MODULES = YES;
				CLANG_ENABLE_OBJC_ARC = YES;
				CLANG_ENABLE_OBJC_WEAK = YES;
				CLANG_WARN_BLOCK_CAPTURE_AUTORELEASING = YES;
				CLANG_WARN_BOOL_CONVERSION = YES;
				CLANG_WARN_COMMA = YES;
				CLANG_WARN_CONSTANT_CONVERSION = YES;
				CLANG_WARN_DEPRECATED_OBJC_IMPLEMENTATIONS = YES;
				CLANG_WARN_DIRECT_OBJC_ISA_USAGE = YES_ERROR;
				CLANG_WARN_DOCUMENTATION_COMMENTS = YES;
				CLANG_WARN_EMPTY_BODY = YES;
				CLANG_WARN_ENUM_CONVERSION = YES;
				CLANG_WARN_INFINITE_RECURSION = YES;
				CLANG_WARN_INT_CONVERSION = YES;
				CLANG_WARN_NON_LITERAL_NULL_CONVERSION = YES;
				CLANG_WARN_OBJC_IMPLICIT_RETAIN_SELF = YES;
				CLANG_WARN_OBJC_LITERAL_CONVERSION = YES;
				CLANG_WARN_OBJC_ROOT_CLASS = YES_ERROR;
				CLANG_WARN_QUOTED_INCLUDE_IN_FRAMEWORK_HEADER = YES;
				CLANG_WARN_RANGE_LOOP_ANALYSIS = YES;
				CLANG_WARN_STRICT_PROTOTYPES = YES;
				CLANG_WARN_SUSPICIOUS_MOVE = YES;
				CLANG_WARN_UNGUARDED_AVAILABILITY = YES_AGGRESSIVE;
				CLANG_WARN_UNREACHABLE_CODE = YES;
				CLANG_WARN__DUPLICATE_METHOD_MATCH = YES;
				COPY_PHASE_STRIP = NO;
				DEBUG_INFORMATION_FORMAT = "dwarf-with-dsym";
				ENABLE_NS_ASSERTIONS = NO;
				ENABLE_STRICT_OBJC_MSGSEND = YES;
				GCC_C_LANGUAGE_STANDARD = gnu11;
				GCC_NO_COMMON_BLOCKS = YES;
				GCC_WARN_64_TO_32_BIT_CONVERSION = YES;
				GCC_WARN_ABOUT_RETURN_TYPE = YES_ERROR;
				GCC_WARN_UNDECLARED_SELECTOR = YES;
				GCC_WARN_UNINITIALIZED_AUTOS = YES_AGGRESSIVE;
				GCC_WARN_UNUSED_FUNCTION = YES;
				GCC_WARN_UNUSED_VARIABLE = YES;
				IPHONEOS_DEPLOYMENT_TARGET = 16.1;
				MTL_ENABLE_DEBUG_INFO = NO;
				MTL_FAST_MATH = YES;
				SDKROOT = iphoneos;
				SWIFT_COMPILATION_MODE = wholemodule;
				SWIFT_OPTIMIZATION_LEVEL = "-O";
				VALIDATE_PRODUCT = YES;
			};
			name = Release;
		};
		DAD2D9842940FBA600E11578 /* Debug */ = {
			isa = XCBuildConfiguration;
			buildSettings = {
				ASSETCATALOG_COMPILER_APPICON_NAME = AppIcon;
				ASSETCATALOG_COMPILER_GLOBAL_ACCENT_COLOR_NAME = AccentColor;
				CODE_SIGN_STYLE = Automatic;
				CURRENT_PROJECT_VERSION = 1;
				DEVELOPMENT_ASSET_PATHS = "\"Memorize/Preview Content\"";
				DEVELOPMENT_TEAM = PRJ4C4N73L;
				ENABLE_PREVIEWS = YES;
				GENERATE_INFOPLIST_FILE = YES;
				INFOPLIST_KEY_UIApplicationSceneManifest_Generation = YES;
				INFOPLIST_KEY_UIApplicationSupportsIndirectInputEvents = YES;
				INFOPLIST_KEY_UILaunchScreen_Generation = YES;
				INFOPLIST_KEY_UISupportedInterfaceOrientations_iPad = "UIInterfaceOrientationPortrait UIInterfaceOrientationPortraitUpsideDown UIInterfaceOrientationLandscapeLeft UIInterfaceOrientationLandscapeRight";
				INFOPLIST_KEY_UISupportedInterfaceOrientations_iPhone = "UIInterfaceOrientationPortrait UIInterfaceOrientationLandscapeLeft UIInterfaceOrientationLandscapeRight";
				IPHONEOS_DEPLOYMENT_TARGET = 14.0;
				LD_RUNPATH_SEARCH_PATHS = (
					"$(inherited)",
					"@executable_path/Frameworks",
				);
				MARKETING_VERSION = 1.0;
				PRODUCT_BUNDLE_IDENTIFIER = com.amazon.Memorize;
				PRODUCT_NAME = "$(TARGET_NAME)";
				SWIFT_EMIT_LOC_STRINGS = YES;
				SWIFT_VERSION = 5.0;
				TARGETED_DEVICE_FAMILY = "1,2";
			};
			name = Debug;
		};
		DAD2D9852940FBA600E11578 /* Release */ = {
			isa = XCBuildConfiguration;
			buildSettings = {
				ASSETCATALOG_COMPILER_APPICON_NAME = AppIcon;
				ASSETCATALOG_COMPILER_GLOBAL_ACCENT_COLOR_NAME = AccentColor;
				CODE_SIGN_STYLE = Automatic;
				CURRENT_PROJECT_VERSION = 1;
				DEVELOPMENT_ASSET_PATHS = "\"Memorize/Preview Content\"";
				DEVELOPMENT_TEAM = PRJ4C4N73L;
				ENABLE_PREVIEWS = YES;
				GENERATE_INFOPLIST_FILE = YES;
				INFOPLIST_KEY_UIApplicationSceneManifest_Generation = YES;
				INFOPLIST_KEY_UIApplicationSupportsIndirectInputEvents = YES;
				INFOPLIST_KEY_UILaunchScreen_Generation = YES;
				INFOPLIST_KEY_UISupportedInterfaceOrientations_iPad = "UIInterfaceOrientationPortrait UIInterfaceOrientationPortraitUpsideDown UIInterfaceOrientationLandscapeLeft UIInterfaceOrientationLandscapeRight";
				INFOPLIST_KEY_UISupportedInterfaceOrientations_iPhone = "UIInterfaceOrientationPortrait UIInterfaceOrientationLandscapeLeft UIInterfaceOrientationLandscapeRight";
				IPHONEOS_DEPLOYMENT_TARGET = 14.0;
				LD_RUNPATH_SEARCH_PATHS = (
					"$(inherited)",
					"@executable_path/Frameworks",
				);
				MARKETING_VERSION = 1.0;
				PRODUCT_BUNDLE_IDENTIFIER = com.amazon.Memorize;
				PRODUCT_NAME = "$(TARGET_NAME)";
				SWIFT_EMIT_LOC_STRINGS = YES;
				SWIFT_VERSION = 5.0;
				TARGETED_DEVICE_FAMILY = "1,2";
			};
			name = Release;
		};
/* End XCBuildConfiguration section */

/* Begin XCConfigurationList section */
		DAD2D9702940FBA300E11578 /* Build configuration list for PBXProject "Memorize" */ = {
			isa = XCConfigurationList;
			buildConfigurations = (
				DAD2D9812940FBA600E11578 /* Debug */,
				DAD2D9822940FBA600E11578 /* Release */,
			);
			defaultConfigurationIsVisible = 0;
			defaultConfigurationName = Release;
		};
		DAD2D9832940FBA600E11578 /* Build configuration list for PBXNativeTarget "Memorize" */ = {
			isa = XCConfigurationList;
			buildConfigurations = (
				DAD2D9842940FBA600E11578 /* Debug */,
				DAD2D9852940FBA600E11578 /* Release */,
			);
			defaultConfigurationIsVisible = 0;
			defaultConfigurationName = Release;
		};
/* End XCConfigurationList section */
	};
	rootObject = DAD2D96D2940FBA300E11578 /* Project object */;
}
